Microsoft Visual Studio Solution File, Format Version 12.00
# Visual Studio Version 17
VisualStudioVersion = 17.5.2.0
MinimumVisualStudioVersion = 10.0.40219.1
Project("{FAE04EC0-301F-11D3-BF4B-00C04F79EFBC}") = "Wristband.AspNet.Auth.M2M.Tests", "tests\Wristband.AspNet.Auth.M2M.Tests.csproj", "{8F6A05DB-0E5B-EFC0-45A3-83BF4D7204A7}"
EndProject
Project("{FAE04EC0-301F-11D3-BF4B-00C04F79EFBC}") = "Wristband.AspNet.Auth.M2M", "src\Wristband.AspNet.Auth.M2M.csproj", "{A4BAD3A7-9BC9-33BB-F0FF-85A5CAD7C590}"
EndProject
Global
	GlobalSection(SolutionConfigurationPlatforms) = preSolution
		Debug|Any CPU = Debug|Any CPU
		Release|Any CPU = Release|Any CPU
	EndGlobalSection
	GlobalSection(ProjectConfigurationPlatforms) = postSolution
		{8F6A05DB-0E5B-EFC0-45A3-83BF4D7204A7}.Debug|Any CPU.ActiveCfg = Debug|Any CPU
		{8F6A05DB-0E5B-EFC0-45A3-83BF4D7204A7}.Debug|Any CPU.Build.0 = Debug|Any CPU
		{8F6A05DB-0E5B-EFC0-45A3-83BF4D7204A7}.Release|Any CPU.ActiveCfg = Release|Any CPU
		{8F6A05DB-0E5B-EFC0-45A3-83BF4D7204A7}.Release|Any CPU.Build.0 = Release|Any CPU
		{A4BAD3A7-9BC9-33BB-F0FF-85A5CAD7C590}.Debug|Any CPU.ActiveCfg = Debug|Any CPU
		{A4BAD3A7-9BC9-33BB-F0FF-85A5CAD7C590}.Debug|Any CPU.Build.0 = Debug|Any CPU
		{A4BAD3A7-9BC9-33BB-F0FF-85A5CAD7C590}.Release|Any CPU.ActiveCfg = Release|Any CPU
		{A4BAD3A7-9BC9-33BB-F0FF-85A5CAD7C590}.Release|Any CPU.Build.0 = Release|Any CPU
	EndGlobalSection
	GlobalSection(SolutionProperties) = preSolution
		HideSolutionNode = FALSE
	EndGlobalSection
	GlobalSection(ExtensibilityGlobals) = postSolution
		SolutionGuid = {B3829DB1-D20D-4FA3-87DF-6E2DE03C8605}
	EndGlobalSection
EndGlobal
